{
  "version": 4,
  "terraform_version": "1.9.8",
  "serial": 42,
  "lineage": "0ac77361-71aa-c85a-5c30-367a38d5cf5a",
  "outputs": {},
  "resources": [
    {
      "mode": "managed",
      "type": "google_compute_firewall",
      "name": "allow_internal",
      "provider": "provider[\"registry.terraform.io/hashicorp/google\"]",
      "instances": [
        {
          "schema_version": 1,
          "attributes": {
            "allow": [
              {
                "ports": [
                  "0-65535"
                ],
                "protocol": "tcp"
              }
            ],
            "creation_timestamp": "2024-11-05T03:46:33.539-08:00",
            "deny": [],
            "description": "",
            "destination_ranges": [],
            "direction": "INGRESS",
            "disabled": false,
            "enable_logging": null,
            "id": "projects/searchai-428205/global/firewalls/allow-internal",
            "log_config": [],
            "name": "allow-internal",
            "network": "https://www.googleapis.com/compute/v1/projects/searchai-428205/global/networks/gke-network",
            "priority": 1000,
            "project": "searchai-428205",
            "self_link": "https://www.googleapis.com/compute/v1/projects/searchai-428205/global/firewalls/allow-internal",
            "source_ranges": [
              "10.0.0.0/16"
            ],
            "source_service_accounts": [],
            "source_tags": [],
            "target_service_accounts": [],
            "target_tags": [],
            "timeouts": null
          },
          "sensitive_attributes": [],
          "private": "eyJlMmJmYjczMC1lY2FhLTExZTYtOGY4OC0zNDM2M2JjN2M0YzAiOnsiY3JlYXRlIjoxMjAwMDAwMDAwMDAwLCJkZWxldGUiOjEyMDAwMDAwMDAwMDAsInVwZGF0ZSI6MTIwMDAwMDAwMDAwMH0sInNjaGVtYV92ZXJzaW9uIjoiMSJ9",
          "dependencies": [
            "google_compute_network.gke_network"
          ]
        }
      ]
    },
    {
      "mode": "managed",
      "type": "google_compute_firewall",
      "name": "allow_ssh",
      "provider": "provider[\"registry.terraform.io/hashicorp/google\"]",
      "instances": [
        {
          "schema_version": 1,
          "attributes": {
            "allow": [
              {
                "ports": [
                  "22"
                ],
                "protocol": "tcp"
              }
            ],
            "creation_timestamp": "2024-11-05T03:46:33.651-08:00",
            "deny": [],
            "description": "",
            "destination_ranges": [],
            "direction": "INGRESS",
            "disabled": false,
            "enable_logging": null,
            "id": "projects/searchai-428205/global/firewalls/allow-ssh",
            "log_config": [],
            "name": "allow-ssh",
            "network": "https://www.googleapis.com/compute/v1/projects/searchai-428205/global/networks/gke-network",
            "priority": 1000,
            "project": "searchai-428205",
            "self_link": "https://www.googleapis.com/compute/v1/projects/searchai-428205/global/firewalls/allow-ssh",
            "source_ranges": [
              "0.0.0.0/0"
            ],
            "source_service_accounts": [],
            "source_tags": [],
            "target_service_accounts": [],
            "target_tags": [],
            "timeouts": null
          },
          "sensitive_attributes": [],
          "private": "eyJlMmJmYjczMC1lY2FhLTExZTYtOGY4OC0zNDM2M2JjN2M0YzAiOnsiY3JlYXRlIjoxMjAwMDAwMDAwMDAwLCJkZWxldGUiOjEyMDAwMDAwMDAwMDAsInVwZGF0ZSI6MTIwMDAwMDAwMDAwMH0sInNjaGVtYV92ZXJzaW9uIjoiMSJ9",
          "dependencies": [
            "google_compute_network.gke_network"
          ]
        }
      ]
    },
    {
      "mode": "managed",
      "type": "google_compute_network",
      "name": "gke_network",
      "provider": "provider[\"registry.terraform.io/hashicorp/google\"]",
      "instances": [
        {
          "schema_version": 0,
          "attributes": {
            "auto_create_subnetworks": false,
            "delete_default_routes_on_create": false,
            "description": "",
            "enable_ula_internal_ipv6": false,
            "gateway_ipv4": "",
            "id": "projects/searchai-428205/global/networks/gke-network",
            "internal_ipv6_range": "",
            "mtu": 0,
            "name": "gke-network",
            "network_firewall_policy_enforcement_order": "AFTER_CLASSIC_FIREWALL",
            "numeric_id": "2315133722372324205",
            "project": "searchai-428205",
            "routing_mode": "REGIONAL",
            "self_link": "https://www.googleapis.com/compute/v1/projects/searchai-428205/global/networks/gke-network",
            "timeouts": null
          },
          "sensitive_attributes": [],
          "private": "eyJlMmJmYjczMC1lY2FhLTExZTYtOGY4OC0zNDM2M2JjN2M0YzAiOnsiY3JlYXRlIjoxMjAwMDAwMDAwMDAwLCJkZWxldGUiOjEyMDAwMDAwMDAwMDAsInVwZGF0ZSI6MTIwMDAwMDAwMDAwMH19"
        }
      ]
    },
    {
      "mode": "managed",
      "type": "google_compute_subnetwork",
      "name": "gke_subnet",
      "provider": "provider[\"registry.terraform.io/hashicorp/google\"]",
      "instances": [
        {
          "schema_version": 0,
          "attributes": {
            "creation_timestamp": "2024-11-05T03:46:34.663-08:00",
            "description": "",
            "external_ipv6_prefix": "",
            "fingerprint": null,
            "gateway_address": "10.0.0.1",
            "id": "projects/searchai-428205/regions/us-central1/subnetworks/gke-subnet",
            "internal_ipv6_prefix": "",
            "ip_cidr_range": "10.0.0.0/24",
            "ipv6_access_type": "",
            "ipv6_cidr_range": "",
            "log_config": [],
            "name": "gke-subnet",
            "network": "https://www.googleapis.com/compute/v1/projects/searchai-428205/global/networks/gke-network",
            "private_ip_google_access": true,
            "private_ipv6_google_access": "DISABLE_GOOGLE_ACCESS",
            "project": "searchai-428205",
            "purpose": "PRIVATE",
            "region": "us-central1",
            "role": "",
            "secondary_ip_range": [
              {
                "ip_cidr_range": "10.140.0.0/14",
                "range_name": "gke-gke-cluster-pods-7a6e3788"
              }
            ],
            "self_link": "https://www.googleapis.com/compute/v1/projects/searchai-428205/regions/us-central1/subnetworks/gke-subnet",
            "stack_type": "IPV4_ONLY",
            "timeouts": null
          },
          "sensitive_attributes": [],
          "private": "eyJlMmJmYjczMC1lY2FhLTExZTYtOGY4OC0zNDM2M2JjN2M0YzAiOnsiY3JlYXRlIjoxMjAwMDAwMDAwMDAwLCJkZWxldGUiOjEyMDAwMDAwMDAwMDAsInVwZGF0ZSI6MTIwMDAwMDAwMDAwMH19",
          "dependencies": [
            "google_compute_network.gke_network"
          ]
        }
      ]
    },
    {
      "mode": "managed",
      "type": "google_container_cluster",
      "name": "gke_cluster",
      "provider": "provider[\"registry.terraform.io/hashicorp/google\"]",
      "instances": [
        {
          "schema_version": 2,
          "attributes": {
            "addons_config": [
              {
                "cloudrun_config": [],
                "config_connector_config": [],
                "dns_cache_config": [],
                "gce_persistent_disk_csi_driver_config": [
                  {
                    "enabled": true
                  }
                ],
                "gcp_filestore_csi_driver_config": [],
                "gcs_fuse_csi_driver_config": [],
                "gke_backup_agent_config": [],
                "horizontal_pod_autoscaling": [],
                "http_load_balancing": [],
                "network_policy_config": [
                  {
                    "disabled": true
                  }
                ]
              }
            ],
            "allow_net_admin": null,
            "authenticator_groups_config": [],
            "binary_authorization": [
              {
                "enabled": false,
                "evaluation_mode": ""
              }
            ],
            "cluster_autoscaling": [
              {
                "auto_provisioning_defaults": [],
                "autoscaling_profile": "BALANCED",
                "enabled": false,
                "resource_limits": []
              }
            ],
            "cluster_ipv4_cidr": "10.140.0.0/14",
            "confidential_nodes": [],
            "cost_management_config": [],
            "database_encryption": [
              {
                "key_name": "",
                "state": "DECRYPTED"
              }
            ],
            "datapath_provider": "",
            "default_max_pods_per_node": 110,
            "default_snat_status": [
              {
                "disabled": false
              }
            ],
            "deletion_protection": false,
            "description": "",
            "dns_config": [],
            "enable_autopilot": false,
            "enable_intranode_visibility": false,
            "enable_k8s_beta_apis": [],
            "enable_kubernetes_alpha": false,
            "enable_l4_ilb_subsetting": false,
            "enable_legacy_abac": false,
            "enable_shielded_nodes": true,
            "enable_tpu": false,
            "endpoint": "34.55.22.172",
            "fleet": [],
            "gateway_api_config": [],
            "id": "projects/searchai-428205/locations/us-central1/clusters/gke-cluster",
            "identity_service_config": [],
            "initial_node_count": 1,
            "ip_allocation_policy": [
              {
                "additional_pod_ranges_config": [],
                "cluster_ipv4_cidr_block": "10.140.0.0/14",
                "cluster_secondary_range_name": "gke-gke-cluster-pods-7a6e3788",
                "pod_cidr_overprovision_config": [
                  {
                    "disabled": false
                  }
                ],
                "services_ipv4_cidr_block": "34.118.224.0/20",
                "services_secondary_range_name": "",
                "stack_type": "IPV4"
              }
            ],
            "label_fingerprint": "a9dc16a7",
            "location": "us-central1",
            "logging_config": [
              {
                "enable_components": [
                  "SYSTEM_COMPONENTS",
                  "WORKLOADS"
                ]
              }
            ],
            "logging_service": "logging.googleapis.com/kubernetes",
            "maintenance_policy": [],
            "master_auth": [
              {
                "client_certificate": "",
                "client_certificate_config": [
                  {
                    "issue_client_certificate": false
                  }
                ],
                "client_key": "",
                "cluster_ca_certificate": "LS0tLS1CRUdJTiBDRVJUSUZJQ0FURS0tLS0tCk1JSUVMRENDQXBTZ0F3SUJBZ0lRQVU5VEM2cTRmTVpQK1BGQ1MvbEZUREFOQmdrcWhraUc5dzBCQVFzRkFEQXYKTVMwd0t3WURWUVFERXlRNE1EbGxaRGc0Tmkxa1lURTVMVFJpTlRVdE9HWmxOeTAxWldKa1pHVTJNR1V5Wm1VdwpJQmNOTWpReE1UQTJNRFV4TnpNNVdoZ1BNakExTkRFd016QXdOakUzTXpsYU1DOHhMVEFyQmdOVkJBTVRKRGd3Ck9XVmtPRGcyTFdSaE1Ua3ROR0kxTlMwNFptVTNMVFZsWW1Sa1pUWXdaVEptWlRDQ0FhSXdEUVlKS29aSWh2Y04KQVFFQkJRQURnZ0dQQURDQ0FZb0NnZ0dCQUtqMFRETDU4RVpPbnYzR1UwbGNVSmpIRW1YajFRclpxQTh1blc5VQphWGxSSTFqVER0M0NablRkM2JHY1VGTVBvZ2F0dnNSNEhpcnFVL3hEaUVqRWxlK2NVOGx3TmpNZjdlVUx2ODNVCmVxRENPUngxMUxWZlVKMTNJaFgydCtZa3VyeUpSZFZqalJMWTFaWGpBc2J3NUhIME1vZjFBVk16K3hDUUdFQ2IKdFE4djZKUkRXUzFTZnZjYkY5ejQrT2hMRmVCVWZKRVFJN2xITEJRNk9CNVFmQkdibUpLdUFuaGRreHYra3RQWQpuV2dnM0VZU1RRcCthNzU0WkUwUS9JWTQySEtCWlF3VkNXbmsvWW1NeVJ4dWFmNmdEeHFoT1QvaUZDNXlMc2J4CitqNW9QeFU1RndGdDRVbDVuYWFUUjJ4S3Z1S3BieVZNamY5a2FNd3BsSlEwRWNBclpwb2lDNXFZYlc5SFh4WEQKOTVqYit5WngrNDlXN2R3L09SZE0wd1psVWZZSmNiaG5LcFp4bE5JOVdGbFVKdkduUUhDTXNSbjM5cnJrZE1wZQpxTUx5R3puUjBqbmhxeDhPY3d1eTdtb1hnOFU0SUFlUzM3emN5ajMxZWR1amZBOXNYbXJjbk8vRDcxZHNQSDJ4ClBJeUg4ZUdNVTVrNGRsRGVwK3l2ZmxPVnZ3SURBUUFCbzBJd1FEQU9CZ05WSFE4QkFmOEVCQU1DQWdRd0R3WUQKVlIwVEFRSC9CQVV3QXdFQi96QWRCZ05WSFE0RUZnUVV0VW9IMm9aQUJFeEpPTnlaUG5PWFlTWEhZQ2d3RFFZSgpLb1pJaHZjTkFRRUxCUUFEZ2dHQkFEUFNxTk5VYk9QR251a0RjLzMxUVZMZXByK3pXZzlZN25rWnFZc2djVXZhCm1iODN0WVVQSjZyWW5RUlhMTGh1UkVSTUtGd2NkY25MMUozZDFxcGVVbkVxUEJVYW9sSXBCWlg3Qm10L0JKZjcKNk8zT3F4V0V3OG9TNEFEVVBJZ0RPVVJ6Qk5FQ2czTEg2U25vTjlaSzNwMEF0eTFWNzFFZ1MyYWZhbTJ4Z3MxUQpWaEUvNEFQNUI0VVJkbldvcjRVU3JZQ3RtUGR3aDZ3UUFYeG91UGxwSUhpcUhFOEx4bnIxSEl3ZlRveS94anAvCkN5TnFxOGluR25RUjdyMUlnazJrUjMwRHRwaStnaUZDd2h4NHl2dXdvSXNUVFhwOWFhM3FNSE1hRlBzN2xyK0cKVjhHVGhFOEl2NTQ0bE5KQmlqb1FVSGlWYkdVSFdOczdMaEZRbGsxRndRQ1JkT2xFUmRyK2UvVy8rUXNJdThnSgpidEFjY1NyOHlTTWVlQzVaYzFzUnZUemhlVkVSNkNScWZ6S2Qzb1lUSFJBYS8zNVJGN3ZhWFZSSEJLUnRKNlNSCmVpVXdjdEhRc0llUmhpZ0JWeCtVb2J4TEpnUkNxRU1qNkNHd0VTWE1lWWxwNWo2YlA2TGkxNGFZd3lpYXZPWG0KaXJnbFRySjZzS1ZoVzc0eldLakRuQT09Ci0tLS0tRU5EIENFUlRJRklDQVRFLS0tLS0K"
              }
            ],
            "master_authorized_networks_config": [],
            "master_version": "1.30.5-gke.1355000",
            "mesh_certificates": [],
            "min_master_version": null,
            "monitoring_config": [
              {
                "advanced_datapath_observability_config": [
                  {
                    "enable_metrics": false,
                    "enable_relay": false,
                    "relay_mode": "DISABLED"
                  }
                ],
                "enable_components": [
                  "SYSTEM_COMPONENTS",
                  "STORAGE",
                  "HPA",
                  "POD",
                  "DAEMONSET",
                  "DEPLOYMENT",
                  "STATEFULSET",
                  "CADVISOR",
                  "KUBELET"
                ],
                "managed_prometheus": [
                  {
                    "enabled": true
                  }
                ]
              }
            ],
            "monitoring_service": "monitoring.googleapis.com/kubernetes",
            "name": "gke-cluster",
            "network": "projects/searchai-428205/global/networks/gke-network",
            "network_policy": [
              {
                "enabled": false,
                "provider": "PROVIDER_UNSPECIFIED"
              }
            ],
            "networking_mode": "VPC_NATIVE",
            "node_config": [],
            "node_locations": [
              "us-central1-a",
              "us-central1-c",
              "us-central1-f"
            ],
            "node_pool": [],
            "node_pool_auto_config": [],
            "node_pool_defaults": [
              {
                "node_config_defaults": [
                  {
                    "logging_variant": "DEFAULT"
                  }
                ]
              }
            ],
            "node_version": "1.30.5-gke.1355000",
            "notification_config": [
              {
                "pubsub": [
                  {
                    "enabled": false,
                    "filter": [],
                    "topic": ""
                  }
                ]
              }
            ],
            "operation": null,
            "private_cluster_config": [
              {
                "enable_private_endpoint": false,
                "enable_private_nodes": false,
                "master_global_access_config": [
                  {
                    "enabled": false
                  }
                ],
                "master_ipv4_cidr_block": "",
                "peering_name": "",
                "private_endpoint": "10.0.0.44",
                "private_endpoint_subnetwork": "",
                "public_endpoint": "34.55.22.172"
              }
            ],
            "private_ipv6_google_access": "",
            "project": "searchai-428205",
            "release_channel": [
              {
                "channel": "REGULAR"
              }
            ],
            "remove_default_node_pool": true,
            "resource_labels": {},
            "resource_usage_export_config": [],
            "security_posture_config": [
              {
                "mode": "BASIC",
                "vulnerability_mode": "VULNERABILITY_MODE_UNSPECIFIED"
              }
            ],
            "self_link": "https://container.googleapis.com/v1/projects/searchai-428205/locations/us-central1/clusters/gke-cluster",
            "service_external_ips_config": [
              {
                "enabled": false
              }
            ],
            "services_ipv4_cidr": "34.118.224.0/20",
            "subnetwork": "projects/searchai-428205/regions/us-central1/subnetworks/gke-subnet",
            "timeouts": null,
            "tpu_ipv4_cidr_block": "",
            "vertical_pod_autoscaling": [],
            "workload_identity_config": []
          },
          "sensitive_attributes": [
            [
              {
                "type": "get_attr",
                "value": "master_auth"
              },
              {
                "type": "index",
                "value": {
                  "value": 0,
                  "type": "number"
                }
              },
              {
                "type": "get_attr",
                "value": "client_key"
              }
            ]
          ],
          "private": "eyJlMmJmYjczMC1lY2FhLTExZTYtOGY4OC0zNDM2M2JjN2M0YzAiOnsiY3JlYXRlIjoyNDAwMDAwMDAwMDAwLCJkZWxldGUiOjI0MDAwMDAwMDAwMDAsInJlYWQiOjI0MDAwMDAwMDAwMDAsInVwZGF0ZSI6MzYwMDAwMDAwMDAwMH0sInNjaGVtYV92ZXJzaW9uIjoiMiJ9",
          "dependencies": [
            "google_compute_network.gke_network",
            "google_compute_subnetwork.gke_subnet"
          ]
        }
      ]
    },
    {
      "mode": "managed",
      "type": "google_project_iam_binding",
      "name": "gke_roles",
      "provider": "provider[\"registry.terraform.io/hashicorp/google\"]",
      "instances": [
        {
          "schema_version": 0,
          "attributes": {
            "condition": [],
            "etag": "BwYmOthwN/Y=",
            "id": "searchai-428205/roles/container.clusterAdmin",
            "members": [
              "serviceAccount:gke-sa@searchai-428205.iam.gserviceaccount.com"
            ],
            "project": "searchai-428205",
            "role": "roles/container.clusterAdmin"
          },
          "sensitive_attributes": [],
          "private": "bnVsbA==",
          "dependencies": [
            "google_service_account.gke_service_account"
          ]
        }
      ]
    },
    {
      "mode": "managed",
      "type": "google_project_iam_binding",
      "name": "network_roles",
      "provider": "provider[\"registry.terraform.io/hashicorp/google\"]",
      "instances": [
        {
          "schema_version": 0,
          "attributes": {
            "condition": [],
            "etag": "BwYmOthwN/Y=",
            "id": "searchai-428205/roles/compute.networkAdmin",
            "members": [
              "serviceAccount:gke-sa@searchai-428205.iam.gserviceaccount.com"
            ],
            "project": "searchai-428205",
            "role": "roles/compute.networkAdmin"
          },
          "sensitive_attributes": [],
          "private": "bnVsbA==",
          "dependencies": [
            "google_service_account.gke_service_account"
          ]
        }
      ]
    },
    {
      "mode": "managed",
      "type": "google_project_iam_custom_role",
      "name": "gke_role",
      "provider": "provider[\"registry.terraform.io/hashicorp/google\"]",
      "instances": [
        {
          "schema_version": 0,
          "attributes": {
            "deleted": false,
            "description": "Custom role for managing GKE cluster",
            "id": "projects/searchai-428205/roles/GKECustomRole",
            "name": "projects/searchai-428205/roles/GKECustomRole",
            "permissions": [
              "container.clusters.create",
              "container.clusters.delete",
              "container.clusters.get",
              "container.clusters.update"
            ],
            "project": "searchai-428205",
            "role_id": "GKECustomRole",
            "stage": "GA",
            "title": "GKE Custom Role"
          },
          "sensitive_attributes": [],
          "private": "bnVsbA=="
        }
      ]
    },
    {
      "mode": "managed",
      "type": "google_service_account",
      "name": "gke_service_account",
      "provider": "provider[\"registry.terraform.io/hashicorp/google\"]",
      "instances": [
        {
          "schema_version": 0,
          "attributes": {
            "account_id": "gke-sa",
            "create_ignore_already_exists": null,
            "description": "",
            "disabled": false,
            "display_name": "GKE Service Account",
            "email": "gke-sa@searchai-428205.iam.gserviceaccount.com",
            "id": "projects/searchai-428205/serviceAccounts/gke-sa@searchai-428205.iam.gserviceaccount.com",
            "member": "serviceAccount:gke-sa@searchai-428205.iam.gserviceaccount.com",
            "name": "projects/searchai-428205/serviceAccounts/gke-sa@searchai-428205.iam.gserviceaccount.com",
            "project": "searchai-428205",
            "timeouts": null,
            "unique_id": "102659939825013520269"
          },
          "sensitive_attributes": [],
          "private": "eyJlMmJmYjczMC1lY2FhLTExZTYtOGY4OC0zNDM2M2JjN2M0YzAiOnsiY3JlYXRlIjozMDAwMDAwMDAwMDB9fQ=="
        }
      ]
    }
  ],
  "check_results": null
}
